# THIS IS AN AUTOGENERATED FILE. DO NOT EDIT THIS FILE DIRECTLY.
# yarn lockfile v1


binaryextensions@^4.15.0:
  version "4.15.0"
  resolved "https://registry.yarnpkg.com/binaryextensions/-/binaryextensions-4.15.0.tgz#c63a502e0078ff1b0e9b00a9f74d3c2b0f8bd32e"
  integrity sha512-MkUl3szxXolQ2scI1PM14WOT951KnaTNJ0eMKg7WzOI4kvSxyNo/Cygx4LOBNhwyINhAuSQpJW1rYD9aBSxGaw==

editions@^6.1.0:
  version "6.1.0"
  resolved "https://registry.yarnpkg.com/editions/-/editions-6.1.0.tgz#ba6c6cf9f4bb571d9e53ea34e771a602e5a66549"
  integrity sha512-h6nWEyIocfgho9J3sTSuhU/WoFOu1hTX75rPBebNrbF38Y9QFDjCDizYXdikHTySW7Y3mSxli8bpDz9RAtc7rA==
  dependencies:
    errlop "^4.0.0"
    version-range "^1.0.0"

errlop@^4.0.0:
  version "4.1.0"
  resolved "https://registry.yarnpkg.com/errlop/-/errlop-4.1.0.tgz#8e7b8f4f1bf0a6feafce4d14f0c0cf4bf5ef036b"
  integrity sha512-vul6gGBuVt0M2TPi1/WrcL86+Hb3Q2Tpu3TME3sbVhZrYf7J1ZMHCodI25RQKCVurh56qTfvgM0p3w5cT4reSQ==

istextorbinary@^5.12.0:
  version "5.12.0"
  resolved "https://registry.yarnpkg.com/istextorbinary/-/istextorbinary-5.12.0.tgz#2f84777838668fdf524c305a2363d6057aaeec84"
  integrity sha512-wLDRWD7qpNTYubk04+q3en1+XZGS4vYWK0+SxNSXJLaITMMEK+J3o/TlOMyULeH1qozVZ9uUkKcyMA8odyxz8w==
  dependencies:
    binaryextensions "^4.15.0"
    editions "^6.1.0"
    textextensions "^5.11.0"

textextensions@^5.11.0:
  version "5.12.0"
  resolved "https://registry.yarnpkg.com/textextensions/-/textextensions-5.12.0.tgz#b908120b5c1bd4bb9eba41423d75b176011ab68a"
  integrity sha512-IYogUDaP65IXboCiPPC0jTLLBzYlhhw2Y4b0a2trPgbHNGGGEfuHE6tds+yDcCf4mpNDaGISFzwSSezcXt+d6w==

version-compare@^1.0.0:
  version "1.1.0"
  resolved "https://registry.yarnpkg.com/version-compare/-/version-compare-1.1.0.tgz#7b3e67e7e6cec5c72d9c9e586f8854e419ade17c"
  integrity sha512-zVKtPOJTC9x23lzS4+4D7J+drq80BXVYAmObnr5zqxxFVH7OffJ1lJlAS7LYsQNV56jx/wtbw0UV7XHLrvd6kQ==

version-range@^1.0.0:
  version "1.1.0"
  resolved "https://registry.yarnpkg.com/version-range/-/version-range-1.1.0.tgz#1c233064202ee742afc9d56e21da3b2e15260acf"
  integrity sha512-R1Ggfg2EXamrnrV3TkZ6yBNgITDbclB3viwSjbZ3+eK0VVNK4ajkYJTnDz5N0bIMYDtK9MUBvXJUnKO5RWWJ6w==
  dependencies:
    version-compare "^1.0.0"
